
Microsoft Visual Studio Solution File, Format Version 12.00
# Visual Studio Version 16
VisualStudioVersion = 16.0.29411.108
MinimumVisualStudioVersion = 10.0.40219.1
Project("{FAE04EC0-301F-11D3-BF4B-00C04F79EFBC}") = "Web29Api", "Web29Api\Web29Api.csproj", "{031CCC89-8CA0-48D2-84EE-8B9B31E57860}"
EndProject
Global
	GlobalSection(SolutionConfigurationPlatforms) = preSolution
		Debug|Any CPU = Debug|Any CPU
		Release|Any CPU = Release|Any CPU
	EndGlobalSection
	GlobalSection(ProjectConfigurationPlatforms) = postSolution
		{031CCC89-8CA0-48D2-84EE-8B9B31E57860}.Debug|Any CPU.ActiveCfg = Debug|Any CPU
		{031CCC89-8CA0-48D2-84EE-8B9B31E57860}.Debug|Any CPU.Build.0 = Debug|Any CPU
		{031CCC89-8CA0-48D2-84EE-8B9B31E57860}.Release|Any CPU.ActiveCfg = Release|Any CPU
		{031CCC89-8CA0-48D2-84EE-8B9B31E57860}.Release|Any CPU.Build.0 = Release|Any CPU
	EndGlobalSection
	GlobalSection(SolutionProperties) = preSolution
		HideSolutionNode = FALSE
	EndGlobalSection
	GlobalSection(ExtensibilityGlobals) = postSolution
		SolutionGuid = {201E9E6A-86EC-4144-A9DA-B38EE402EB89}
	EndGlobalSection
EndGlobal
